
Microsoft Visual Studio Solution File, Format Version 12.00
# Visual Studio Version 17
VisualStudioVersion = 17.5.002.0
MinimumVisualStudioVersion = 10.0.40219.1
Project("{2150E333-8FDC-42A3-9474-1A3956D46DE8}") = "Semana1", "Semana1", "{B8CC521A-E047-4B51-9C48-1C1F72DD3EAC}"
EndProject
Project("{9A19103F-16F7-4668-BE54-9A1E7A4F7556}") = "DOTNET", "Semana1\Aula09.11\DOTNET.csproj", "{D8B2B39B-5F51-4FAA-8D11-B48E11A92190}"
EndProject
Project("{2150E333-8FDC-42A3-9474-1A3956D46DE8}") = "Aula09.11", "Aula09.11", "{503FD0D9-473D-400A-A960-AAEDDBCADC22}"
EndProject
Project("{9A19103F-16F7-4668-BE54-9A1E7A4F7556}") = "PI001", "Semana1\Aula09.11\PI001\PI001.csproj", "{251C77D0-0EC6-4B2A-98D3-FE50095BEF26}"
EndProject
Project("{2150E333-8FDC-42A3-9474-1A3956D46DE8}") = "Semana2", "Semana2", "{63D2F987-1ED3-4A9E-A933-F3F1F6C2E0FA}"
EndProject
Project("{FAE04EC0-301F-11D3-BF4B-00C04F79EFBC}") = "Aula16.11", "Semana2\Aula16.11\Aula16.11.csproj", "{12B7421B-AEE1-41A8-B8C9-EB91636FE19F}"
EndProject
Project("{FAE04EC0-301F-11D3-BF4B-00C04F79EFBC}") = "Exercicio1", "Semana2\Exercicio1\Exercicio1.csproj", "{1274C155-E48B-4832-8AB4-2B370EBFA961}"
EndProject
Project("{FAE04EC0-301F-11D3-BF4B-00C04F79EFBC}") = "Exercicio2", "Semana2\Exercicio2\Exercicio2.csproj", "{861BC490-C9D8-4FD3-AB85-18089C8FA445}"
EndProject
Project("{FAE04EC0-301F-11D3-BF4B-00C04F79EFBC}") = "Exercicio3", "Semana2\Exercicio3\Exercicio3.csproj", "{6D9105E0-4C29-4BCA-88F5-51CF1F332C85}"
EndProject
Project("{FAE04EC0-301F-11D3-BF4B-00C04F79EFBC}") = "dotNET-P001", "Semana1\dotNET-P001\dotNET-P001.csproj", "{4BB75864-2C3C-4C36-992C-49399F10D4E0}"
EndProject
Project("{2150E333-8FDC-42A3-9474-1A3956D46DE8}") = "Prova", "Prova", "{A9304B7D-D5E7-48DA-9934-0AB444932A47}"
EndProject
Project("{FAE04EC0-301F-11D3-BF4B-00C04F79EFBC}") = "Prova1", "Prova\Prova1\Prova1.csproj", "{F00E2A5C-E764-4820-80DD-5CF45C9A5CA0}"
EndProject
Global
	GlobalSection(SolutionConfigurationPlatforms) = preSolution
		Debug|Any CPU = Debug|Any CPU
		Release|Any CPU = Release|Any CPU
	EndGlobalSection
	GlobalSection(ProjectConfigurationPlatforms) = postSolution
		{D8B2B39B-5F51-4FAA-8D11-B48E11A92190}.Debug|Any CPU.ActiveCfg = Debug|Any CPU
		{D8B2B39B-5F51-4FAA-8D11-B48E11A92190}.Debug|Any CPU.Build.0 = Debug|Any CPU
		{D8B2B39B-5F51-4FAA-8D11-B48E11A92190}.Release|Any CPU.ActiveCfg = Release|Any CPU
		{D8B2B39B-5F51-4FAA-8D11-B48E11A92190}.Release|Any CPU.Build.0 = Release|Any CPU
		{251C77D0-0EC6-4B2A-98D3-FE50095BEF26}.Debug|Any CPU.ActiveCfg = Debug|Any CPU
		{251C77D0-0EC6-4B2A-98D3-FE50095BEF26}.Debug|Any CPU.Build.0 = Debug|Any CPU
		{251C77D0-0EC6-4B2A-98D3-FE50095BEF26}.Release|Any CPU.ActiveCfg = Release|Any CPU
		{251C77D0-0EC6-4B2A-98D3-FE50095BEF26}.Release|Any CPU.Build.0 = Release|Any CPU
		{12B7421B-AEE1-41A8-B8C9-EB91636FE19F}.Debug|Any CPU.ActiveCfg = Debug|Any CPU
		{12B7421B-AEE1-41A8-B8C9-EB91636FE19F}.Debug|Any CPU.Build.0 = Debug|Any CPU
		{12B7421B-AEE1-41A8-B8C9-EB91636FE19F}.Release|Any CPU.ActiveCfg = Release|Any CPU
		{12B7421B-AEE1-41A8-B8C9-EB91636FE19F}.Release|Any CPU.Build.0 = Release|Any CPU
		{1274C155-E48B-4832-8AB4-2B370EBFA961}.Debug|Any CPU.ActiveCfg = Debug|Any CPU
		{1274C155-E48B-4832-8AB4-2B370EBFA961}.Debug|Any CPU.Build.0 = Debug|Any CPU
		{1274C155-E48B-4832-8AB4-2B370EBFA961}.Release|Any CPU.ActiveCfg = Release|Any CPU
		{1274C155-E48B-4832-8AB4-2B370EBFA961}.Release|Any CPU.Build.0 = Release|Any CPU
		{861BC490-C9D8-4FD3-AB85-18089C8FA445}.Debug|Any CPU.ActiveCfg = Debug|Any CPU
		{861BC490-C9D8-4FD3-AB85-18089C8FA445}.Debug|Any CPU.Build.0 = Debug|Any CPU
		{861BC490-C9D8-4FD3-AB85-18089C8FA445}.Release|Any CPU.ActiveCfg = Release|Any CPU
		{861BC490-C9D8-4FD3-AB85-18089C8FA445}.Release|Any CPU.Build.0 = Release|Any CPU
		{6D9105E0-4C29-4BCA-88F5-51CF1F332C85}.Debug|Any CPU.ActiveCfg = Debug|Any CPU
		{6D9105E0-4C29-4BCA-88F5-51CF1F332C85}.Debug|Any CPU.Build.0 = Debug|Any CPU
		{6D9105E0-4C29-4BCA-88F5-51CF1F332C85}.Release|Any CPU.ActiveCfg = Release|Any CPU
		{6D9105E0-4C29-4BCA-88F5-51CF1F332C85}.Release|Any CPU.Build.0 = Release|Any CPU
		{4BB75864-2C3C-4C36-992C-49399F10D4E0}.Debug|Any CPU.ActiveCfg = Debug|Any CPU
		{4BB75864-2C3C-4C36-992C-49399F10D4E0}.Debug|Any CPU.Build.0 = Debug|Any CPU
		{4BB75864-2C3C-4C36-992C-49399F10D4E0}.Release|Any CPU.ActiveCfg = Release|Any CPU
		{4BB75864-2C3C-4C36-992C-49399F10D4E0}.Release|Any CPU.Build.0 = Release|Any CPU
		{F00E2A5C-E764-4820-80DD-5CF45C9A5CA0}.Debug|Any CPU.ActiveCfg = Debug|Any CPU
		{F00E2A5C-E764-4820-80DD-5CF45C9A5CA0}.Debug|Any CPU.Build.0 = Debug|Any CPU
		{F00E2A5C-E764-4820-80DD-5CF45C9A5CA0}.Release|Any CPU.ActiveCfg = Release|Any CPU
		{F00E2A5C-E764-4820-80DD-5CF45C9A5CA0}.Release|Any CPU.Build.0 = Release|Any CPU
	EndGlobalSection
	GlobalSection(SolutionProperties) = preSolution
		HideSolutionNode = FALSE
	EndGlobalSection
	GlobalSection(NestedProjects) = preSolution
		{D8B2B39B-5F51-4FAA-8D11-B48E11A92190} = {B8CC521A-E047-4B51-9C48-1C1F72DD3EAC}
		{503FD0D9-473D-400A-A960-AAEDDBCADC22} = {B8CC521A-E047-4B51-9C48-1C1F72DD3EAC}
		{251C77D0-0EC6-4B2A-98D3-FE50095BEF26} = {503FD0D9-473D-400A-A960-AAEDDBCADC22}
		{12B7421B-AEE1-41A8-B8C9-EB91636FE19F} = {63D2F987-1ED3-4A9E-A933-F3F1F6C2E0FA}
		{1274C155-E48B-4832-8AB4-2B370EBFA961} = {63D2F987-1ED3-4A9E-A933-F3F1F6C2E0FA}
		{861BC490-C9D8-4FD3-AB85-18089C8FA445} = {63D2F987-1ED3-4A9E-A933-F3F1F6C2E0FA}
		{6D9105E0-4C29-4BCA-88F5-51CF1F332C85} = {63D2F987-1ED3-4A9E-A933-F3F1F6C2E0FA}
		{4BB75864-2C3C-4C36-992C-49399F10D4E0} = {B8CC521A-E047-4B51-9C48-1C1F72DD3EAC}
		{F00E2A5C-E764-4820-80DD-5CF45C9A5CA0} = {A9304B7D-D5E7-48DA-9934-0AB444932A47}
	EndGlobalSection
	GlobalSection(ExtensibilityGlobals) = postSolution
		SolutionGuid = {F08B0BAB-784C-4000-8A9B-E8D101A2C949}
	EndGlobalSection
EndGlobal
